<?xml version="1.0" encoding="utf-8"?>
<Project ToolsVersion="4.0" xmlns="http://schemas.microsoft.com/developer/msbuild/2003">
  <ItemGroup>
    <Filter Include="소스 파일">
      <UniqueIdentifier>{4FC737F1-C7A5-4376-A066-2A32D752A2FF}</UniqueIdentifier>
      <Extensions>cpp;c;cc;cxx;c++;cppm;ixx;def;odl;idl;hpj;bat;asm;asmx</Extensions>
    </Filter>
    <Filter Include="헤더 파일">
      <UniqueIdentifier>{93995380-89BD-4b04-88EB-625FBE52EBFB}</UniqueIdentifier>
      <Extensions>h;hh;hpp;hxx;h++;hm;inl;inc;ipp;xsd</Extensions>
    </Filter>
    <Filter Include="리소스 파일">
      <UniqueIdentifier>{67DA6AB6-F800-4c08-8B7A-83BB121AAD01}</UniqueIdentifier>
      <Extensions>rc;ico;cur;bmp;dlg;rc2;rct;bin;rgs;gif;jpg;jpeg;jpe;resx;tiff;tif;png;wav;mfcribbon-ms</Extensions>
    </Filter>
    <Filter Include="Scenes">
      <UniqueIdentifier>{85e3eba3-c9f2-44b2-a82c-23df2251d052}</UniqueIdentifier>
    </Filter>
    <Filter Include="Scene">
      <UniqueIdentifier>{40902605-91e2-44aa-922f-6bc3f6fbcc4a}</UniqueIdentifier>
    </Filter>
    <Filter Include="Common">
      <UniqueIdentifier>{ba812d5a-0c28-4fee-b387-c9b548d76d08}</UniqueIdentifier>
    </Filter>
    <Filter Include="Object">
      <UniqueIdentifier>{b98ca5f2-f22f-430f-b5fc-9e87db494359}</UniqueIdentifier>
    </Filter>
    <Filter Include="Object\Monster">
      <UniqueIdentifier>{2b900adf-2178-4b5e-93f7-4ac8fac617b2}</UniqueIdentifier>
    </Filter>
    <Filter Include="Object\Monster\Archer">
      <UniqueIdentifier>{e9745e87-6b76-47d0-936c-3da9d3e15f2e}</UniqueIdentifier>
    </Filter>
    <Filter Include="Object\Monster\Wizard">
      <UniqueIdentifier>{9231d814-482d-4566-9db2-8d06c07027f5}</UniqueIdentifier>
    </Filter>
  </ItemGroup>
  <ItemGroup>
    <ClInclude Include="Resource.h">
      <Filter>헤더 파일</Filter>
    </ClInclude>
    <ClInclude Include="Game.h">
      <Filter>소스 파일</Filter>
    </ClInclude>
    <ClInclude Include="Stage1.h">
      <Filter>Scenes</Filter>
    </ClInclude>
    <ClInclude Include="SceneManager.h">
      <Filter>Scene</Filter>
    </ClInclude>
    <ClInclude Include="Scene.h">
      <Filter>Scene</Filter>
    </ClInclude>
    <ClInclude Include="LoadScenes.h">
      <Filter>Scene</Filter>
    </ClInclude>
    <ClInclude Include="Entity.h">
      <Filter>Scene</Filter>
    </ClInclude>
    <ClInclude Include="Time.h">
      <Filter>Common</Filter>
    </ClInclude>
    <ClInclude Include="CommonInclude.h">
      <Filter>Common</Filter>
    </ClInclude>
    <ClInclude Include="TitleScene.h">
      <Filter>Scenes</Filter>
    </ClInclude>
    <ClInclude Include="Math.h">
      <Filter>Common</Filter>
    </ClInclude>
    <ClInclude Include="GameObject.h">
      <Filter>Object</Filter>
    </ClInclude>
    <ClInclude Include="Player.h">
      <Filter>Object</Filter>
    </ClInclude>
    <ClInclude Include="SwordMan.h">
      <Filter>Object\Monster</Filter>
    </ClInclude>
    <ClInclude Include="Archer.h">
      <Filter>Object\Monster\Archer</Filter>
    </ClInclude>
    <ClInclude Include="Arrow.h">
      <Filter>Object\Monster\Archer</Filter>
    </ClInclude>
    <ClInclude Include="Wizard.h">
      <Filter>Object\Monster\Wizard</Filter>
    </ClInclude>
  </ItemGroup>
  <ItemGroup>
    <ClCompile Include="Game.cpp">
      <Filter>소스 파일</Filter>
    </ClCompile>
    <ClCompile Include="Stage1.cpp">
      <Filter>Scenes</Filter>
    </ClCompile>
    <ClCompile Include="SceneManager.cpp">
      <Filter>Scene</Filter>
    </ClCompile>
    <ClCompile Include="Scene.cpp">
      <Filter>Scene</Filter>
    </ClCompile>
    <ClCompile Include="Entity.cpp">
      <Filter>Scene</Filter>
    </ClCompile>
    <ClCompile Include="Time.cpp">
      <Filter>Common</Filter>
    </ClCompile>
    <ClCompile Include="Input.cpp">
      <Filter>Common</Filter>
    </ClCompile>
    <ClCompile Include="Input.h">
      <Filter>Common</Filter>
    </ClCompile>
    <ClCompile Include="main.cpp">
      <Filter>소스 파일</Filter>
    </ClCompile>
    <ClCompile Include="TitleScene.cpp">
      <Filter>Scenes</Filter>
    </ClCompile>
    <ClCompile Include="Math.cpp">
      <Filter>Common</Filter>
    </ClCompile>
    <ClCompile Include="GameObject.cpp">
      <Filter>Object</Filter>
    </ClCompile>
    <ClCompile Include="Player.cpp">
      <Filter>Object</Filter>
    </ClCompile>
    <ClCompile Include="SwordMan.cpp">
      <Filter>Object\Monster</Filter>
    </ClCompile>
    <ClCompile Include="Archer.cpp">
      <Filter>Object\Monster\Archer</Filter>
    </ClCompile>
    <ClCompile Include="Arrow.cpp">
      <Filter>Object\Monster\Archer</Filter>
    </ClCompile>
    <ClCompile Include="Wizard.cpp">
      <Filter>Object\Monster\Wizard</Filter>
    </ClCompile>
  </ItemGroup>
  <ItemGroup>
    <ResourceCompile Include="DongYeonEngine.rc">
      <Filter>리소스 파일</Filter>
    </ResourceCompile>
  </ItemGroup>
  <ItemGroup>
    <Image Include="small.ico">
      <Filter>리소스 파일</Filter>
    </Image>
    <Image Include="DongYeonEngine.ico">
      <Filter>리소스 파일</Filter>
    </Image>
    <Image Include="resources\Monster\ARCHER\ARCHER_BOW\Attack\ARCHER_BOW_0.png">
      <Filter>리소스 파일</Filter>
    </Image>
    <Image Include="..\..\ezgif-split\Slash00.png">
      <Filter>리소스 파일</Filter>
    </Image>
    <Image Include="..\..\ezgif-split\Slash01.png">
      <Filter>리소스 파일</Filter>
    </Image>
    <Image Include="..\..\ezgif-split\Slash02.png">
      <Filter>리소스 파일</Filter>
    </Image>
    <Image Include="..\..\ezgif-split\Slash03.png">
      <Filter>리소스 파일</Filter>
    </Image>
    <Image Include="..\..\ezgif-split\Slash04.png">
      <Filter>리소스 파일</Filter>
    </Image>
    <Image Include="..\..\ezgif-split\Slash05.png">
      <Filter>리소스 파일</Filter>
    </Image>
    <Image Include="..\..\ezgif-split\Slash06.png">
      <Filter>리소스 파일</Filter>
    </Image>
  </ItemGroup>
</Project>